// !$*UTF8*$!
{
	archiveVersion = 1;
	classes = {
	};
	objectVersion = 56;
	objects = {

/* Begin PBXBuildFile section */
		16E588C9652907F5F858F07A /* Pods_AppStatsSQLite.framework in Frameworks */ = {isa = PBXBuildFile; fileRef = E45699A23D6D4AD5DE4FCE1B /* Pods_AppStatsSQLite.framework */; };
		234965932B1B29EB002D0FC3 /* AppDelegate.swift in Sources */ = {isa = PBXBuildFile; fileRef = 234965922B1B29EB002D0FC3 /* AppDelegate.swift */; };
		234965972B1B29EB002D0FC3 /* ViewController.swift in Sources */ = {isa = PBXBuildFile; fileRef = 234965962B1B29EB002D0FC3 /* ViewController.swift */; };
		2349659C2B1B29ED002D0FC3 /* Assets.xcassets in Resources */ = {isa = PBXBuildFile; fileRef = 2349659B2B1B29ED002D0FC3 /* Assets.xcassets */; };
		2349659F2B1B29ED002D0FC3 /* LaunchScreen.storyboard in Resources */ = {isa = PBXBuildFile; fileRef = 2349659D2B1B29ED002D0FC3 /* LaunchScreen.storyboard */; };
		234965AB2B1B3114002D0FC3 /* AppStats.swift in Sources */ = {isa = PBXBuildFile; fileRef = 234965A82B1B3114002D0FC3 /* AppStats.swift */; };
		234965AC2B1B3114002D0FC3 /* AppStatsAPI.swift in Sources */ = {isa = PBXBuildFile; fileRef = 234965A92B1B3114002D0FC3 /* AppStatsAPI.swift */; };
		234965AE2B1B3163002D0FC3 /* AppStatsSQLite.swift in Sources */ = {isa = PBXBuildFile; fileRef = 234965AD2B1B3163002D0FC3 /* AppStatsSQLite.swift */; };
/* End PBXBuildFile section */

/* Begin PBXFileReference section */
		2349658F2B1B29EB002D0FC3 /* AppStatsSQLite.app */ = {isa = PBXFileReference; explicitFileType = wrapper.application; includeInIndex = 0; path = AppStatsSQLite.app; sourceTree = BUILT_PRODUCTS_DIR; };
		234965922B1B29EB002D0FC3 /* AppDelegate.swift */ = {isa = PBXFileReference; lastKnownFileType = sourcecode.swift; path = AppDelegate.swift; sourceTree = "<group>"; };
		234965962B1B29EB002D0FC3 /* ViewController.swift */ = {isa = PBXFileReference; lastKnownFileType = sourcecode.swift; path = ViewController.swift; sourceTree = "<group>"; };
		2349659B2B1B29ED002D0FC3 /* Assets.xcassets */ = {isa = PBXFileReference; lastKnownFileType = folder.assetcatalog; path = Assets.xcassets; sourceTree = "<group>"; };
		2349659E2B1B29ED002D0FC3 /* Base */ = {isa = PBXFileReference; lastKnownFileType = file.storyboard; name = Base; path = Base.lproj/LaunchScreen.storyboard; sourceTree = "<group>"; };
		234965A02B1B29ED002D0FC3 /* Info.plist */ = {isa = PBXFileReference; lastKnownFileType = text.plist.xml; path = Info.plist; sourceTree = "<group>"; };
		234965A82B1B3114002D0FC3 /* AppStats.swift */ = {isa = PBXFileReference; fileEncoding = 4; lastKnownFileType = sourcecode.swift; path = AppStats.swift; sourceTree = "<group>"; };
		234965A92B1B3114002D0FC3 /* AppStatsAPI.swift */ = {isa = PBXFileReference; fileEncoding = 4; lastKnownFileType = sourcecode.swift; path = AppStatsAPI.swift; sourceTree = "<group>"; };
		234965AD2B1B3163002D0FC3 /* AppStatsSQLite.swift */ = {isa = PBXFileReference; lastKnownFileType = sourcecode.swift; path = AppStatsSQLite.swift; sourceTree = "<group>"; };
		A128DC4DC81E4FDDE5619480 /* Pods-AppStatsSQLite.debug.xcconfig */ = {isa = PBXFileReference; includeInIndex = 1; lastKnownFileType = text.xcconfig; name = "Pods-AppStatsSQLite.debug.xcconfig"; path = "Target Support Files/Pods-AppStatsSQLite/Pods-AppStatsSQLite.debug.xcconfig"; sourceTree = "<group>"; };
		E45699A23D6D4AD5DE4FCE1B /* Pods_AppStatsSQLite.framework */ = {isa = PBXFileReference; explicitFileType = wrapper.framework; includeInIndex = 0; path = Pods_AppStatsSQLite.framework; sourceTree = BUILT_PRODUCTS_DIR; };
		EA08EF08776DAB151EA9D605 /* Pods-AppStatsSQLite.release.xcconfig */ = {isa = PBXFileReference; includeInIndex = 1; lastKnownFileType = text.xcconfig; name = "Pods-AppStatsSQLite.release.xcconfig"; path = "Target Support Files/Pods-AppStatsSQLite/Pods-AppStatsSQLite.release.xcconfig"; sourceTree = "<group>"; };
/* End PBXFileReference section */

/* Begin PBXFrameworksBuildPhase section */
		2349658C2B1B29EB002D0FC3 /* Frameworks */ = {
			isa = PBXFrameworksBuildPhase;
			buildActionMask = 2147483647;
			files = (
				16E588C9652907F5F858F07A /* Pods_AppStatsSQLite.framework in Frameworks */,
			);
			runOnlyForDeploymentPostprocessing = 0;
		};
/* End PBXFrameworksBuildPhase section */

/* Begin PBXGroup section */
		234965862B1B29EB002D0FC3 = {
			isa = PBXGroup;
			children = (
				234965912B1B29EB002D0FC3 /* AppStatsSQLite */,
				234965902B1B29EB002D0FC3 /* Products */,
				A7FBDD4CFD391CD19C3BB167 /* Pods */,
				74479CEDFA366825CDC59E29 /* Frameworks */,
			);
			sourceTree = "<group>";
		};
		234965902B1B29EB002D0FC3 /* Products */ = {
			isa = PBXGroup;
			children = (
				2349658F2B1B29EB002D0FC3 /* AppStatsSQLite.app */,
			);
			name = Products;
			sourceTree = "<group>";
		};
		234965912B1B29EB002D0FC3 /* AppStatsSQLite */ = {
			isa = PBXGroup;
			children = (
				234965922B1B29EB002D0FC3 /* AppDelegate.swift */,
				234965962B1B29EB002D0FC3 /* ViewController.swift */,
				234965A62B1B3114002D0FC3 /* AppStatsSQLite */,
				2349659B2B1B29ED002D0FC3 /* Assets.xcassets */,
				2349659D2B1B29ED002D0FC3 /* LaunchScreen.storyboard */,
				234965A02B1B29ED002D0FC3 /* Info.plist */,
			);
			path = AppStatsSQLite;
			sourceTree = "<group>";
		};
		234965A62B1B3114002D0FC3 /* AppStatsSQLite */ = {
			isa = PBXGroup;
			children = (
				234965A82B1B3114002D0FC3 /* AppStats.swift */,
				234965AD2B1B3163002D0FC3 /* AppStatsSQLite.swift */,
				234965A92B1B3114002D0FC3 /* AppStatsAPI.swift */,
			);
			name = AppStatsSQLite;
			path = ../../AppStatsSQLite;
			sourceTree = "<group>";
		};
		74479CEDFA366825CDC59E29 /* Frameworks */ = {
			isa = PBXGroup;
			children = (
				E45699A23D6D4AD5DE4FCE1B /* Pods_AppStatsSQLite.framework */,
			);
			name = Frameworks;
			sourceTree = "<group>";
		};
		A7FBDD4CFD391CD19C3BB167 /* Pods */ = {
			isa = PBXGroup;
			children = (
				A128DC4DC81E4FDDE5619480 /* Pods-AppStatsSQLite.debug.xcconfig */,
				EA08EF08776DAB151EA9D605 /* Pods-AppStatsSQLite.release.xcconfig */,
			);
			path = Pods;
			sourceTree = "<group>";
		};
/* End PBXGroup section */

/* Begin PBXNativeTarget section */
		2349658E2B1B29EB002D0FC3 /* AppStatsSQLite */ = {
			isa = PBXNativeTarget;
			buildConfigurationList = 234965A32B1B29ED002D0FC3 /* Build configuration list for PBXNativeTarget "AppStatsSQLite" */;
			buildPhases = (
				E36E702D2670A632743BAE7C /* [CP] Check Pods Manifest.lock */,
				2349658B2B1B29EB002D0FC3 /* Sources */,
				2349658C2B1B29EB002D0FC3 /* Frameworks */,
				2349658D2B1B29EB002D0FC3 /* Resources */,
				9914F7504C58B9B8DE504837 /* [CP] Embed Pods Frameworks */,
			);
			buildRules = (
			);
			dependencies = (
			);
			name = AppStatsSQLite;
			productName = AppStatsSQLite;
			productReference = 2349658F2B1B29EB002D0FC3 /* AppStatsSQLite.app */;
			productType = "com.apple.product-type.application";
		};
/* End PBXNativeTarget section */

/* Begin PBXProject section */
		234965872B1B29EB002D0FC3 /* Project object */ = {
			isa = PBXProject;
			attributes = {
				BuildIndependentTargetsInParallel = 1;
				LastSwiftUpdateCheck = 1500;
				LastUpgradeCheck = 1500;
				TargetAttributes = {
					2349658E2B1B29EB002D0FC3 = {
						CreatedOnToolsVersion = 15.0;
					};
				};
			};
			buildConfigurationList = 2349658A2B1B29EB002D0FC3 /* Build configuration list for PBXProject "AppStatsSQLite" */;
			compatibilityVersion = "Xcode 14.0";
			developmentRegion = en;
			hasScannedForEncodings = 0;
			knownRegions = (
				en,
				Base,
			);
			mainGroup = 234965862B1B29EB002D0FC3;
			productRefGroup = 234965902B1B29EB002D0FC3 /* Products */;
			projectDirPath = "";
			projectRoot = "";
			targets = (
				2349658E2B1B29EB002D0FC3 /* AppStatsSQLite */,
			);
		};
/* End PBXProject section */

/* Begin PBXResourcesBuildPhase section */
		2349658D2B1B29EB002D0FC3 /* Resources */ = {
			isa = PBXResourcesBuildPhase;
			buildActionMask = 2147483647;
			files = (
				2349659F2B1B29ED002D0FC3 /* LaunchScreen.storyboard in Resources */,
				2349659C2B1B29ED002D0FC3 /* Assets.xcassets in Resources */,
			);
			runOnlyForDeploymentPostprocessing = 0;
		};
/* End PBXResourcesBuildPhase section */

/* Begin PBXShellScriptBuildPhase section */
		9914F7504C58B9B8DE504837 /* [CP] Embed Pods Frameworks */ = {
			isa = PBXShellScriptBuildPhase;
			buildActionMask = 2147483647;
			files = (
			);
			inputFileListPaths = (
				"${PODS_ROOT}/Target Support Files/Pods-AppStatsSQLite/Pods-AppStatsSQLite-frameworks-${CONFIGURATION}-input-files.xcfilelist",
			);
			name = "[CP] Embed Pods Frameworks";
			outputFileListPaths = (
				"${PODS_ROOT}/Target Support Files/Pods-AppStatsSQLite/Pods-AppStatsSQLite-frameworks-${CONFIGURATION}-output-files.xcfilelist",
			);
			runOnlyForDeploymentPostprocessing = 0;
			shellPath = /bin/sh;
			shellScript = "\"${PODS_ROOT}/Target Support Files/Pods-AppStatsSQLite/Pods-AppStatsSQLite-frameworks.sh\"\n";
			showEnvVarsInLog = 0;
		};
		E36E702D2670A632743BAE7C /* [CP] Check Pods Manifest.lock */ = {
			isa = PBXShellScriptBuildPhase;
			buildActionMask = 2147483647;
			files = (
			);
			inputFileListPaths = (
			);
			inputPaths = (
				"${PODS_PODFILE_DIR_PATH}/Podfile.lock",
				"${PODS_ROOT}/Manifest.lock",
			);
			name = "[CP] Check Pods Manifest.lock";
			outputFileListPaths = (
			);
			outputPaths = (
				"$(DERIVED_FILE_DIR)/Pods-AppStatsSQLite-checkManifestLockResult.txt",
			);
			runOnlyForDeploymentPostprocessing = 0;
			shellPath = /bin/sh;
			shellScript = "diff \"${PODS_PODFILE_DIR_PATH}/Podfile.lock\" \"${PODS_ROOT}/Manifest.lock\" > /dev/null\nif [ $? != 0 ] ; then\n    # print error to STDERR\n    echo \"error: The sandbox is not in sync with the Podfile.lock. Run 'pod install' or update your CocoaPods installation.\" >&2\n    exit 1\nfi\n# This output is used by Xcode 'outputs' to avoid re-running this script phase.\necho \"SUCCESS\" > \"${SCRIPT_OUTPUT_FILE_0}\"\n";
			showEnvVarsInLog = 0;
		};
/* End PBXShellScriptBuildPhase section */

/* Begin PBXSourcesBuildPhase section */
		2349658B2B1B29EB002D0FC3 /* Sources */ = {
			isa = PBXSourcesBuildPhase;
			buildActionMask = 2147483647;
			files = (
				234965972B1B29EB002D0FC3 /* ViewController.swift in Sources */,
				234965AB2B1B3114002D0FC3 /* AppStats.swift in Sources */,
				234965AC2B1B3114002D0FC3 /* AppStatsAPI.swift in Sources */,
				234965AE2B1B3163002D0FC3 /* AppStatsSQLite.swift in Sources */,
				234965932B1B29EB002D0FC3 /* AppDelegate.swift in Sources */,
			);
			runOnlyForDeploymentPostprocessing = 0;
		};
/* End PBXSourcesBuildPhase section */

/* Begin PBXVariantGroup section */
		2349659D2B1B29ED002D0FC3 /* LaunchScreen.storyboard */ = {
			isa = PBXVariantGroup;
			children = (
				2349659E2B1B29ED002D0FC3 /* Base */,
			);
			name = LaunchScreen.storyboard;
			sourceTree = "<group>";
		};
/* End PBXVariantGroup section */

/* Begin XCBuildConfiguration section */
		234965A12B1B29ED002D0FC3 /* Debug */ = {
			isa = XCBuildConfiguration;
			buildSettings = {
				ALWAYS_SEARCH_USER_PATHS = NO;
				ASSETCATALOG_COMPILER_GENERATE_SWIFT_ASSET_SYMBOL_EXTENSIONS = YES;
				CLANG_ANALYZER_NONNULL = YES;
				CLANG_ANALYZER_NUMBER_OBJECT_CONVERSION = YES_AGGRESSIVE;
				CLANG_CXX_LANGUAGE_STANDARD = "gnu++20";
				CLANG_ENABLE_MODULES = YES;
				CLANG_ENABLE_OBJC_ARC = YES;
				CLANG_ENABLE_OBJC_WEAK = YES;
				CLANG_WARN_BLOCK_CAPTURE_AUTORELEASING = YES;
				CLANG_WARN_BOOL_CONVERSION = YES;
				CLANG_WARN_COMMA = YES;
				CLANG_WARN_CONSTANT_CONVERSION = YES;
				CLANG_WARN_DEPRECATED_OBJC_IMPLEMENTATIONS = YES;
				CLANG_WARN_DIRECT_OBJC_ISA_USAGE = YES_ERROR;
				CLANG_WARN_DOCUMENTATION_COMMENTS = YES;
				CLANG_WARN_EMPTY_BODY = YES;
				CLANG_WARN_ENUM_CONVERSION = YES;
				CLANG_WARN_INFINITE_RECURSION = YES;
				CLANG_WARN_INT_CONVERSION = YES;
				CLANG_WARN_NON_LITERAL_NULL_CONVERSION = YES;
				CLANG_WARN_OBJC_IMPLICIT_RETAIN_SELF = YES;
				CLANG_WARN_OBJC_LITERAL_CONVERSION = YES;
				CLANG_WARN_OBJC_ROOT_CLASS = YES_ERROR;
				CLANG_WARN_QUOTED_INCLUDE_IN_FRAMEWORK_HEADER = YES;
				CLANG_WARN_RANGE_LOOP_ANALYSIS = YES;
				CLANG_WARN_STRICT_PROTOTYPES = YES;
				CLANG_WARN_SUSPICIOUS_MOVE = YES;
				CLANG_WARN_UNGUARDED_AVAILABILITY = YES_AGGRESSIVE;
				CLANG_WARN_UNREACHABLE_CODE = YES;
				CLANG_WARN__DUPLICATE_METHOD_MATCH = YES;
				COPY_PHASE_STRIP = NO;
				DEBUG_INFORMATION_FORMAT = dwarf;
				ENABLE_STRICT_OBJC_MSGSEND = YES;
				ENABLE_TESTABILITY = YES;
				ENABLE_USER_SCRIPT_SANDBOXING = YES;
				GCC_C_LANGUAGE_STANDARD = gnu17;
				GCC_DYNAMIC_NO_PIC = NO;
				GCC_NO_COMMON_BLOCKS = YES;
				GCC_OPTIMIZATION_LEVEL = 0;
				GCC_PREPROCESSOR_DEFINITIONS = (
					"DEBUG=1",
					"$(inherited)",
				);
				GCC_WARN_64_TO_32_BIT_CONVERSION = YES;
				GCC_WARN_ABOUT_RETURN_TYPE = YES_ERROR;
				GCC_WARN_UNDECLARED_SELECTOR = YES;
				GCC_WARN_UNINITIALIZED_AUTOS = YES_AGGRESSIVE;
				GCC_WARN_UNUSED_FUNCTION = YES;
				GCC_WARN_UNUSED_VARIABLE = YES;
				IPHONEOS_DEPLOYMENT_TARGET = 17.0;
				LOCALIZATION_PREFERS_STRING_CATALOGS = YES;
				MTL_ENABLE_DEBUG_INFO = INCLUDE_SOURCE;
				MTL_FAST_MATH = YES;
				ONLY_ACTIVE_ARCH = YES;
				SDKROOT = iphoneos;
				SWIFT_ACTIVE_COMPILATION_CONDITIONS = "DEBUG $(inherited)";
				SWIFT_OPTIMIZATION_LEVEL = "-Onone";
			};
			name = Debug;
		};
		234965A22B1B29ED002D0FC3 /* Release */ = {
			isa = XCBuildConfiguration;
			buildSettings = {
				ALWAYS_SEARCH_USER_PATHS = NO;
				ASSETCATALOG_COMPILER_GENERATE_SWIFT_ASSET_SYMBOL_EXTENSIONS = YES;
				CLANG_ANALYZER_NONNULL = YES;
				CLANG_ANALYZER_NUMBER_OBJECT_CONVERSION = YES_AGGRESSIVE;
				CLANG_CXX_LANGUAGE_STANDARD = "gnu++20";
				CLANG_ENABLE_MODULES = YES;
				CLANG_ENABLE_OBJC_ARC = YES;
				CLANG_ENABLE_OBJC_WEAK = YES;
				CLANG_WARN_BLOCK_CAPTURE_AUTORELEASING = YES;
				CLANG_WARN_BOOL_CONVERSION = YES;
				CLANG_WARN_COMMA = YES;
				CLANG_WARN_CONSTANT_CONVERSION = YES;
				CLANG_WARN_DEPRECATED_OBJC_IMPLEMENTATIONS = YES;
				CLANG_WARN_DIRECT_OBJC_ISA_USAGE = YES_ERROR;
				CLANG_WARN_DOCUMENTATION_COMMENTS = YES;
				CLANG_WARN_EMPTY_BODY = YES;
				CLANG_WARN_ENUM_CONVERSION = YES;
				CLANG_WARN_INFINITE_RECURSION = YES;
				CLANG_WARN_INT_CONVERSION = YES;
				CLANG_WARN_NON_LITERAL_NULL_CONVERSION = YES;
				CLANG_WARN_OBJC_IMPLICIT_RETAIN_SELF = YES;
				CLANG_WARN_OBJC_LITERAL_CONVERSION = YES;
				CLANG_WARN_OBJC_ROOT_CLASS = YES_ERROR;
				CLANG_WARN_QUOTED_INCLUDE_IN_FRAMEWORK_HEADER = YES;
				CLANG_WARN_RANGE_LOOP_ANALYSIS = YES;
				CLANG_WARN_STRICT_PROTOTYPES = YES;
				CLANG_WARN_SUSPICIOUS_MOVE = YES;
				CLANG_WARN_UNGUARDED_AVAILABILITY = YES_AGGRESSIVE;
				CLANG_WARN_UNREACHABLE_CODE = YES;
				CLANG_WARN__DUPLICATE_METHOD_MATCH = YES;
				COPY_PHASE_STRIP = NO;
				DEBUG_INFORMATION_FORMAT = "dwarf-with-dsym";
				ENABLE_NS_ASSERTIONS = NO;
				ENABLE_STRICT_OBJC_MSGSEND = YES;
				ENABLE_USER_SCRIPT_SANDBOXING = YES;
				GCC_C_LANGUAGE_STANDARD = gnu17;
				GCC_NO_COMMON_BLOCKS = YES;
				GCC_WARN_64_TO_32_BIT_CONVERSION = YES;
				GCC_WARN_ABOUT_RETURN_TYPE = YES_ERROR;
				GCC_WARN_UNDECLARED_SELECTOR = YES;
				GCC_WARN_UNINITIALIZED_AUTOS = YES_AGGRESSIVE;
				GCC_WARN_UNUSED_FUNCTION = YES;
				GCC_WARN_UNUSED_VARIABLE = YES;
				IPHONEOS_DEPLOYMENT_TARGET = 17.0;
				LOCALIZATION_PREFERS_STRING_CATALOGS = YES;
				MTL_ENABLE_DEBUG_INFO = NO;
				MTL_FAST_MATH = YES;
				SDKROOT = iphoneos;
				SWIFT_COMPILATION_MODE = wholemodule;
				VALIDATE_PRODUCT = YES;
			};
			name = Release;
		};
		234965A42B1B29ED002D0FC3 /* Debug */ = {
			isa = XCBuildConfiguration;
			baseConfigurationReference = A128DC4DC81E4FDDE5619480 /* Pods-AppStatsSQLite.debug.xcconfig */;
			buildSettings = {
				ASSETCATALOG_COMPILER_APPICON_NAME = AppIcon;
				ASSETCATALOG_COMPILER_GLOBAL_ACCENT_COLOR_NAME = AccentColor;
				CODE_SIGN_STYLE = Automatic;
				CURRENT_PROJECT_VERSION = 1;
				ENABLE_USER_SCRIPT_SANDBOXING = NO;
				GENERATE_INFOPLIST_FILE = YES;
				INFOPLIST_FILE = AppStatsSQLite/Info.plist;
				INFOPLIST_KEY_UIApplicationSupportsIndirectInputEvents = YES;
				INFOPLIST_KEY_UILaunchStoryboardName = LaunchScreen;
				INFOPLIST_KEY_UISupportedInterfaceOrientations_iPad = "UIInterfaceOrientationPortrait UIInterfaceOrientationPortraitUpsideDown UIInterfaceOrientationLandscapeLeft UIInterfaceOrientationLandscapeRight";
				INFOPLIST_KEY_UISupportedInterfaceOrientations_iPhone = "UIInterfaceOrientationPortrait UIInterfaceOrientationLandscapeLeft UIInterfaceOrientationLandscapeRight";
				IPHONEOS_DEPLOYMENT_TARGET = 13.0;
				LD_RUNPATH_SEARCH_PATHS = (
					"$(inherited)",
					"@executable_path/Frameworks",
				);
				MARKETING_VERSION = 1.0;
				PRODUCT_BUNDLE_IDENTIFIER = com.meilbn.AppStatsSQLite;
				PRODUCT_NAME = "$(TARGET_NAME)";
				SWIFT_EMIT_LOC_STRINGS = YES;
				SWIFT_VERSION = 5.0;
				TARGETED_DEVICE_FAMILY = "1,2";
			};
			name = Debug;
		};
		234965A52B1B29ED002D0FC3 /* Release */ = {
			isa = XCBuildConfiguration;
			baseConfigurationReference = EA08EF08776DAB151EA9D605 /* Pods-AppStatsSQLite.release.xcconfig */;
			buildSettings = {
				ASSETCATALOG_COMPILER_APPICON_NAME = AppIcon;
				ASSETCATALOG_COMPILER_GLOBAL_ACCENT_COLOR_NAME = AccentColor;
				CODE_SIGN_STYLE = Automatic;
				CURRENT_PROJECT_VERSION = 1;
				ENABLE_USER_SCRIPT_SANDBOXING = NO;
				GENERATE_INFOPLIST_FILE = YES;
				INFOPLIST_FILE = AppStatsSQLite/Info.plist;
				INFOPLIST_KEY_UIApplicationSupportsIndirectInputEvents = YES;
				INFOPLIST_KEY_UILaunchStoryboardName = LaunchScreen;
				INFOPLIST_KEY_UISupportedInterfaceOrientations_iPad = "UIInterfaceOrientationPortrait UIInterfaceOrientationPortraitUpsideDown UIInterfaceOrientationLandscapeLeft UIInterfaceOrientationLandscapeRight";
				INFOPLIST_KEY_UISupportedInterfaceOrientations_iPhone = "UIInterfaceOrientationPortrait UIInterfaceOrientationLandscapeLeft UIInterfaceOrientationLandscapeRight";
				IPHONEOS_DEPLOYMENT_TARGET = 13.0;
				LD_RUNPATH_SEARCH_PATHS = (
					"$(inherited)",
					"@executable_path/Frameworks",
				);
				MARKETING_VERSION = 1.0;
				PRODUCT_BUNDLE_IDENTIFIER = com.meilbn.AppStatsSQLite;
				PRODUCT_NAME = "$(TARGET_NAME)";
				SWIFT_EMIT_LOC_STRINGS = YES;
				SWIFT_VERSION = 5.0;
				TARGETED_DEVICE_FAMILY = "1,2";
			};
			name = Release;
		};
/* End XCBuildConfiguration section */

/* Begin XCConfigurationList section */
		2349658A2B1B29EB002D0FC3 /* Build configuration list for PBXProject "AppStatsSQLite" */ = {
			isa = XCConfigurationList;
			buildConfigurations = (
				234965A12B1B29ED002D0FC3 /* Debug */,
				234965A22B1B29ED002D0FC3 /* Release */,
			);
			defaultConfigurationIsVisible = 0;
			defaultConfigurationName = Release;
		};
		234965A32B1B29ED002D0FC3 /* Build configuration list for PBXNativeTarget "AppStatsSQLite" */ = {
			isa = XCConfigurationList;
			buildConfigurations = (
				234965A42B1B29ED002D0FC3 /* Debug */,
				234965A52B1B29ED002D0FC3 /* Release */,
			);
			defaultConfigurationIsVisible = 0;
			defaultConfigurationName = Release;
		};
/* End XCConfigurationList section */
	};
	rootObject = 234965872B1B29EB002D0FC3 /* Project object */;
}
